<?xml version="1.0" encoding="utf-8"?>
<Project ToolsVersion="4.0" xmlns="http://schemas.microsoft.com/developer/msbuild/2003">
  <ItemGroup>
    <ClInclude Include="$(MSBuildThisFileDirectory)Scene.h">
      <Filter>Scene</Filter>
    </ClInclude>
    <ClInclude Include="$(MSBuildThisFileDirectory)Player.h">
      <Filter>Player</Filter>
    </ClInclude>
    <ClInclude Include="$(MSBuildThisFileDirectory)Input.h">
      <Filter>Input</Filter>
    </ClInclude>
    <ClInclude Include="$(MSBuildThisFileDirectory)DebugSphere.h">
      <Filter>DebugObject</Filter>
    </ClInclude>
    <ClInclude Include="$(MSBuildThisFileDirectory)DebugObject.h">
      <Filter>DebugObject</Filter>
    </ClInclude>
    <ClInclude Include="$(MSBuildThisFileDirectory)CubeObject.h">
      <Filter>DebugObject</Filter>
    </ClInclude>
    <ClInclude Include="$(MSBuildThisFileDirectory)Block.h">
      <Filter>Block</Filter>
    </ClInclude>
    <ClInclude Include="$(MSBuildThisFileDirectory)CSVLoader.h">
      <Filter>Utility</Filter>
    </ClInclude>
    <ClInclude Include="$(MSBuildThisFileDirectory)DebugLog.h">
      <Filter>Utility</Filter>
    </ClInclude>
    <ClInclude Include="$(MSBuildThisFileDirectory)OzawaUtility.h">
      <Filter>Utility</Filter>
    </ClInclude>
    <ClInclude Include="$(MSBuildThisFileDirectory)Params.h">
      <Filter>Utility</Filter>
    </ClInclude>
    <ClInclude Include="$(MSBuildThisFileDirectory)Project.h">
      <Filter>App</Filter>
    </ClInclude>
    <ClInclude Include="$(MSBuildThisFileDirectory)Sprite.h">
      <Filter>Sprite</Filter>
    </ClInclude>
    <ClInclude Include="$(MSBuildThisFileDirectory)Number.h">
      <Filter>Sprite</Filter>
    </ClInclude>
    <ClInclude Include="$(MSBuildThisFileDirectory)Billboard.h">
      <Filter>Billboard</Filter>
    </ClInclude>
    <ClInclude Include="$(MSBuildThisFileDirectory)BillboardNumber.h">
      <Filter>Billboard</Filter>
    </ClInclude>
    <ClInclude Include="$(MSBuildThisFileDirectory)GameCamera.h">
      <Filter>Camera</Filter>
    </ClInclude>
    <ClInclude Include="$(MSBuildThisFileDirectory)Gimmick.h">
      <Filter>Gimmick</Filter>
    </ClInclude>
    <ClInclude Include="$(MSBuildThisFileDirectory)Spike.h">
      <Filter>Gimmick\Spike</Filter>
    </ClInclude>
    <ClInclude Include="$(MSBuildThisFileDirectory)Enemy.h">
      <Filter>Enemy</Filter>
    </ClInclude>
    <ClInclude Include="$(MSBuildThisFileDirectory)Bird.h">
      <Filter>Bird</Filter>
    </ClInclude>
    <ClInclude Include="$(MSBuildThisFileDirectory)Cannon.h">
      <Filter>Gimmick\Cannon</Filter>
    </ClInclude>
    <ClInclude Include="$(MSBuildThisFileDirectory)Convayor.h">
      <Filter>Gimmick\Convayor</Filter>
    </ClInclude>
    <ClInclude Include="$(MSBuildThisFileDirectory)Ring.h">
      <Filter>Gimmick\Ring</Filter>
    </ClInclude>
    <ClInclude Include="$(MSBuildThisFileDirectory)GameStage.h">
      <Filter>Stage\GameStage</Filter>
    </ClInclude>
    <ClInclude Include="$(MSBuildThisFileDirectory)TitleStage.h">
      <Filter>Stage\TitleStage</Filter>
    </ClInclude>
    <ClInclude Include="$(MSBuildThisFileDirectory)StagingPlayer.h">
      <Filter>Player</Filter>
    </ClInclude>
    <ClInclude Include="$(MSBuildThisFileDirectory)AirJetEffect.h">
      <Filter>Player\Effect\AirJet</Filter>
    </ClInclude>
    <ClInclude Include="$(MSBuildThisFileDirectory)ShieldEffect.h">
      <Filter>Player\Effect\Shield</Filter>
    </ClInclude>
    <ClInclude Include="$(MSBuildThisFileDirectory)ArrowEffect.h">
      <Filter>Player\Effect\Arrow</Filter>
    </ClInclude>
    <ClInclude Include="$(MSBuildThisFileDirectory)Blower.h">
      <Filter>Gimmick\Blower</Filter>
    </ClInclude>
    <ClInclude Include="$(MSBuildThisFileDirectory)BaseStage.h">
      <Filter>Stage\BaseStage</Filter>
    </ClInclude>
  </ItemGroup>
  <ItemGroup>
    <ClCompile Include="$(MSBuildThisFileDirectory)Scene.cpp">
      <Filter>Scene</Filter>
    </ClCompile>
    <ClCompile Include="$(MSBuildThisFileDirectory)Player.cpp">
      <Filter>Player</Filter>
    </ClCompile>
    <ClCompile Include="$(MSBuildThisFileDirectory)Input.cpp">
      <Filter>Input</Filter>
    </ClCompile>
    <ClCompile Include="$(MSBuildThisFileDirectory)DebugSphere.cpp">
      <Filter>DebugObject</Filter>
    </ClCompile>
    <ClCompile Include="$(MSBuildThisFileDirectory)CubeObject.cpp">
      <Filter>DebugObject</Filter>
    </ClCompile>
    <ClCompile Include="$(MSBuildThisFileDirectory)Block.cpp">
      <Filter>Block</Filter>
    </ClCompile>
    <ClCompile Include="$(MSBuildThisFileDirectory)CSVLoader.cpp">
      <Filter>Utility</Filter>
    </ClCompile>
    <ClCompile Include="$(MSBuildThisFileDirectory)DebugLog.cpp">
      <Filter>Utility</Filter>
    </ClCompile>
    <ClCompile Include="$(MSBuildThisFileDirectory)OzawaUtility.cpp">
      <Filter>Utility</Filter>
    </ClCompile>
    <ClCompile Include="$(MSBuildThisFileDirectory)WinMain.cpp">
      <Filter>App</Filter>
    </ClCompile>
    <ClCompile Include="$(MSBuildThisFileDirectory)Sprite.cpp">
      <Filter>Sprite</Filter>
    </ClCompile>
    <ClCompile Include="$(MSBuildThisFileDirectory)Number.cpp">
      <Filter>Sprite</Filter>
    </ClCompile>
    <ClCompile Include="$(MSBuildThisFileDirectory)Billboard.cpp">
      <Filter>Billboard</Filter>
    </ClCompile>
    <ClCompile Include="$(MSBuildThisFileDirectory)BillboardNumber.cpp">
      <Filter>Billboard</Filter>
    </ClCompile>
    <ClCompile Include="$(MSBuildThisFileDirectory)GameCamera.cpp">
      <Filter>Camera</Filter>
    </ClCompile>
    <ClCompile Include="$(MSBuildThisFileDirectory)Gimmick.cpp">
      <Filter>Gimmick</Filter>
    </ClCompile>
    <ClCompile Include="$(MSBuildThisFileDirectory)Spike.cpp">
      <Filter>Gimmick\Spike</Filter>
    </ClCompile>
    <ClCompile Include="$(MSBuildThisFileDirectory)Bird.cpp">
      <Filter>Bird</Filter>
    </ClCompile>
    <ClCompile Include="$(MSBuildThisFileDirectory)Cannon.cpp">
      <Filter>Gimmick\Cannon</Filter>
    </ClCompile>
    <ClCompile Include="$(MSBuildThisFileDirectory)Convayor.cpp">
      <Filter>Gimmick\Convayor</Filter>
    </ClCompile>
    <ClCompile Include="$(MSBuildThisFileDirectory)Ring.cpp">
      <Filter>Gimmick\Ring</Filter>
    </ClCompile>
    <ClCompile Include="$(MSBuildThisFileDirectory)GameStage.cpp">
      <Filter>Stage\GameStage</Filter>
    </ClCompile>
    <ClCompile Include="$(MSBuildThisFileDirectory)TitleStage.cpp">
      <Filter>Stage\TitleStage</Filter>
    </ClCompile>
    <ClCompile Include="$(MSBuildThisFileDirectory)AirJetEffect.cpp">
      <Filter>Player\Effect\AirJet</Filter>
    </ClCompile>
    <ClCompile Include="$(MSBuildThisFileDirectory)ShieldEffect.cpp">
      <Filter>Player\Effect\Shield</Filter>
    </ClCompile>
    <ClCompile Include="$(MSBuildThisFileDirectory)ArrowEffect.cpp">
      <Filter>Player\Effect\Arrow</Filter>
    </ClCompile>
    <ClCompile Include="$(MSBuildThisFileDirectory)Blower.cpp">
      <Filter>Gimmick\Blower</Filter>
    </ClCompile>
    <ClCompile Include="$(MSBuildThisFileDirectory)BaseStage.cpp">
      <Filter>Stage\BaseStage</Filter>
    </ClCompile>
  </ItemGroup>
  <ItemGroup>
    <Filter Include="Stage">
      <UniqueIdentifier>{3f7536e8-0812-4ace-8bad-4fbaa2699445}</UniqueIdentifier>
    </Filter>
    <Filter Include="Scene">
      <UniqueIdentifier>{453d3360-7746-4ddc-a524-8fdb64e77f89}</UniqueIdentifier>
    </Filter>
    <Filter Include="Player">
      <UniqueIdentifier>{b7203f66-e17b-4fb0-b460-69899aaca174}</UniqueIdentifier>
    </Filter>
    <Filter Include="Input">
      <UniqueIdentifier>{e111a3b0-8abd-498d-8c10-e7d7d367997e}</UniqueIdentifier>
    </Filter>
    <Filter Include="Block">
      <UniqueIdentifier>{38e652ad-56e5-4df5-bf03-6767e5b2d1fc}</UniqueIdentifier>
    </Filter>
    <Filter Include="Utility">
      <UniqueIdentifier>{3db4cbc9-9e20-4a11-9f66-0634bdb12cd9}</UniqueIdentifier>
    </Filter>
    <Filter Include="App">
      <UniqueIdentifier>{a3fbc840-37f9-4d31-a517-d54cc83c56e1}</UniqueIdentifier>
    </Filter>
    <Filter Include="DebugObject">
      <UniqueIdentifier>{e511a72f-dee7-46db-9104-69603f016977}</UniqueIdentifier>
    </Filter>
    <Filter Include="Sprite">
      <UniqueIdentifier>{78f895cb-f76c-449d-a785-d6fe87f1592b}</UniqueIdentifier>
    </Filter>
    <Filter Include="Billboard">
      <UniqueIdentifier>{d3d1cc5f-1097-4d1d-909d-5d480bb921a4}</UniqueIdentifier>
    </Filter>
    <Filter Include="Camera">
      <UniqueIdentifier>{3a59888d-8a81-4153-83df-2ab9ca37f373}</UniqueIdentifier>
    </Filter>
    <Filter Include="Gimmick">
      <UniqueIdentifier>{83d7ade7-08e1-4128-9a0f-771b302c419b}</UniqueIdentifier>
    </Filter>
    <Filter Include="Gimmick\Spike">
      <UniqueIdentifier>{eccd8bf9-88d2-4e76-96ab-1bdb93c3809b}</UniqueIdentifier>
    </Filter>
    <Filter Include="Enemy">
      <UniqueIdentifier>{a7bf6690-ecd5-4bdb-905e-112c1f6684f6}</UniqueIdentifier>
    </Filter>
    <Filter Include="Bird">
      <UniqueIdentifier>{3a9dbf15-8d60-4ba1-9c4c-ebaac0ba2577}</UniqueIdentifier>
    </Filter>
    <Filter Include="Gimmick\Cannon">
      <UniqueIdentifier>{e6b3f459-05b1-4eb9-8e95-d21a3b35a582}</UniqueIdentifier>
    </Filter>
    <Filter Include="Gimmick\Convayor">
      <UniqueIdentifier>{05084afd-8087-4225-8a01-65777bf7660d}</UniqueIdentifier>
    </Filter>
    <Filter Include="Gimmick\Ring">
      <UniqueIdentifier>{a2c5bbf5-c518-4f58-a370-62923cf3fbeb}</UniqueIdentifier>
    </Filter>
    <Filter Include="Stage\GameStage">
      <UniqueIdentifier>{3a52252a-b16b-45bc-8f2b-89c68212d4d8}</UniqueIdentifier>
    </Filter>
    <Filter Include="Stage\TitleStage">
      <UniqueIdentifier>{e3bd28c4-39d5-49a8-a447-41af088b984d}</UniqueIdentifier>
    </Filter>
    <Filter Include="Player\Effect">
      <UniqueIdentifier>{2620edfc-d12a-47b7-8d29-fa1c76c1f6ee}</UniqueIdentifier>
    </Filter>
    <Filter Include="Player\Effect\AirJet">
      <UniqueIdentifier>{ab852181-4827-46f8-809e-ef4c8b31b1c1}</UniqueIdentifier>
    </Filter>
    <Filter Include="Player\Effect\Shield">
      <UniqueIdentifier>{0a627ba8-9c73-4a7e-8ae4-470cfa78b7b3}</UniqueIdentifier>
    </Filter>
    <Filter Include="Player\Effect\Arrow">
      <UniqueIdentifier>{0cd1679c-b138-434a-ad93-98a913b243f1}</UniqueIdentifier>
    </Filter>
    <Filter Include="Gimmick\Blower">
      <UniqueIdentifier>{c80725ca-6810-4465-93b9-d233712d0709}</UniqueIdentifier>
    </Filter>
    <Filter Include="Stage\BaseStage">
      <UniqueIdentifier>{773332b0-7863-4867-a20d-17618d677504}</UniqueIdentifier>
    </Filter>
  </ItemGroup>
</Project>