<?xml version="1.0" encoding="utf-8"?>
<Project ToolsVersion="4.0" xmlns="http://schemas.microsoft.com/developer/msbuild/2003">
  <ItemGroup>
    <ClInclude Include="$(MSBuildThisFileDirectory)Project.h" />
    <ClInclude Include="$(MSBuildThisFileDirectory)GameStage.h">
      <Filter>Stage</Filter>
    </ClInclude>
    <ClInclude Include="$(MSBuildThisFileDirectory)Scene.h">
      <Filter>Scene</Filter>
    </ClInclude>
    <ClInclude Include="$(MSBuildThisFileDirectory)Ground.h">
      <Filter>Ground</Filter>
    </ClInclude>
    <ClInclude Include="$(MSBuildThisFileDirectory)OzawaUtility.h" />
    <ClInclude Include="$(MSBuildThisFileDirectory)Params.h" />
    <ClInclude Include="$(MSBuildThisFileDirectory)DebugLog.h" />
    <ClInclude Include="$(MSBuildThisFileDirectory)Player.h">
      <Filter>Player</Filter>
    </ClInclude>
    <ClInclude Include="$(MSBuildThisFileDirectory)Input.h">
      <Filter>Input</Filter>
    </ClInclude>
  </ItemGroup>
  <ItemGroup>
    <ClCompile Include="$(MSBuildThisFileDirectory)WinMain.cpp" />
    <ClCompile Include="$(MSBuildThisFileDirectory)GameStage.cpp">
      <Filter>Stage</Filter>
    </ClCompile>
    <ClCompile Include="$(MSBuildThisFileDirectory)Scene.cpp">
      <Filter>Scene</Filter>
    </ClCompile>
    <ClCompile Include="$(MSBuildThisFileDirectory)Ground.cpp">
      <Filter>Ground</Filter>
    </ClCompile>
    <ClCompile Include="$(MSBuildThisFileDirectory)OzawaUtility.cpp" />
    <ClCompile Include="$(MSBuildThisFileDirectory)DebugLog.cpp" />
    <ClCompile Include="$(MSBuildThisFileDirectory)Player.cpp">
      <Filter>Player</Filter>
    </ClCompile>
    <ClCompile Include="$(MSBuildThisFileDirectory)Input.cpp">
      <Filter>Input</Filter>
    </ClCompile>
  </ItemGroup>
  <ItemGroup>
    <Filter Include="Stage">
      <UniqueIdentifier>{3f7536e8-0812-4ace-8bad-4fbaa2699445}</UniqueIdentifier>
    </Filter>
    <Filter Include="Scene">
      <UniqueIdentifier>{453d3360-7746-4ddc-a524-8fdb64e77f89}</UniqueIdentifier>
    </Filter>
    <Filter Include="Ground">
      <UniqueIdentifier>{207fb51b-b2ee-4173-a14c-653edf7943c6}</UniqueIdentifier>
    </Filter>
    <Filter Include="Player">
      <UniqueIdentifier>{b7203f66-e17b-4fb0-b460-69899aaca174}</UniqueIdentifier>
    </Filter>
    <Filter Include="Input">
      <UniqueIdentifier>{e111a3b0-8abd-498d-8c10-e7d7d367997e}</UniqueIdentifier>
    </Filter>
  </ItemGroup>
</Project>